
Microsoft Visual Studio Solution File, Format Version 12.00
# Visual Studio 14
VisualStudioVersion = 14.0.25420.1
MinimumVisualStudioVersion = 10.0.40219.1
Project("{FAE04EC0-301F-11D3-BF4B-00C04F79EFBC}") = "Enitities", "Enitities\Enitities.csproj", "{44ACBBAA-911B-4E5C-BE35-B5EC962AC0AE}"
EndProject
Project("{FAE04EC0-301F-11D3-BF4B-00C04F79EFBC}") = "UtilityLayer", "UtilityLayer\UtilityLayer.csproj", "{5DFCE0F0-2530-4C03-830A-43E477F70D6A}"
EndProject
Project("{FAE04EC0-301F-11D3-BF4B-00C04F79EFBC}") = "DataAccessLayer", "DataAccessLayer\DataAccessLayer.csproj", "{04218F3A-816A-4830-B3EB-D2F2E826E4D6}"
EndProject
Project("{FAE04EC0-301F-11D3-BF4B-00C04F79EFBC}") = "BusinessAccessLayer", "BusinessAccessLayer\BusinessAccessLayer.csproj", "{EE2F2350-22BF-43EA-B4C5-2924EC79EB41}"
EndProject
Project("{FAE04EC0-301F-11D3-BF4B-00C04F79EFBC}") = "PresentationLayer", "PresentationLayer\PresentationLayer.csproj", "{C071AC05-883A-48FD-9EBD-864071BBB41F}"
EndProject
Global
	GlobalSection(SolutionConfigurationPlatforms) = preSolution
		Debug|Any CPU = Debug|Any CPU
		Release|Any CPU = Release|Any CPU
	EndGlobalSection
	GlobalSection(ProjectConfigurationPlatforms) = postSolution
		{44ACBBAA-911B-4E5C-BE35-B5EC962AC0AE}.Debug|Any CPU.ActiveCfg = Debug|Any CPU
		{44ACBBAA-911B-4E5C-BE35-B5EC962AC0AE}.Debug|Any CPU.Build.0 = Debug|Any CPU
		{44ACBBAA-911B-4E5C-BE35-B5EC962AC0AE}.Release|Any CPU.ActiveCfg = Release|Any CPU
		{44ACBBAA-911B-4E5C-BE35-B5EC962AC0AE}.Release|Any CPU.Build.0 = Release|Any CPU
		{5DFCE0F0-2530-4C03-830A-43E477F70D6A}.Debug|Any CPU.ActiveCfg = Debug|Any CPU
		{5DFCE0F0-2530-4C03-830A-43E477F70D6A}.Debug|Any CPU.Build.0 = Debug|Any CPU
		{5DFCE0F0-2530-4C03-830A-43E477F70D6A}.Release|Any CPU.ActiveCfg = Release|Any CPU
		{5DFCE0F0-2530-4C03-830A-43E477F70D6A}.Release|Any CPU.Build.0 = Release|Any CPU
		{04218F3A-816A-4830-B3EB-D2F2E826E4D6}.Debug|Any CPU.ActiveCfg = Debug|Any CPU
		{04218F3A-816A-4830-B3EB-D2F2E826E4D6}.Debug|Any CPU.Build.0 = Debug|Any CPU
		{04218F3A-816A-4830-B3EB-D2F2E826E4D6}.Release|Any CPU.ActiveCfg = Release|Any CPU
		{04218F3A-816A-4830-B3EB-D2F2E826E4D6}.Release|Any CPU.Build.0 = Release|Any CPU
		{EE2F2350-22BF-43EA-B4C5-2924EC79EB41}.Debug|Any CPU.ActiveCfg = Debug|Any CPU
		{EE2F2350-22BF-43EA-B4C5-2924EC79EB41}.Debug|Any CPU.Build.0 = Debug|Any CPU
		{EE2F2350-22BF-43EA-B4C5-2924EC79EB41}.Release|Any CPU.ActiveCfg = Release|Any CPU
		{EE2F2350-22BF-43EA-B4C5-2924EC79EB41}.Release|Any CPU.Build.0 = Release|Any CPU
		{C071AC05-883A-48FD-9EBD-864071BBB41F}.Debug|Any CPU.ActiveCfg = Debug|Any CPU
		{C071AC05-883A-48FD-9EBD-864071BBB41F}.Debug|Any CPU.Build.0 = Debug|Any CPU
		{C071AC05-883A-48FD-9EBD-864071BBB41F}.Release|Any CPU.ActiveCfg = Release|Any CPU
		{C071AC05-883A-48FD-9EBD-864071BBB41F}.Release|Any CPU.Build.0 = Release|Any CPU
	EndGlobalSection
	GlobalSection(SolutionProperties) = preSolution
		HideSolutionNode = FALSE
	EndGlobalSection
EndGlobal
