
Microsoft Visual Studio Solution File, Format Version 12.00
# Visual Studio 14
VisualStudioVersion = 14.0.25420.1
MinimumVisualStudioVersion = 10.0.40219.1
Project("{FAE04EC0-301F-11D3-BF4B-00C04F79EFBC}") = "PersonInfo", "PersonInfo\PersonInfo.csproj", "{1D45BBD6-AA8B-4A5E-8A7B-5904AA275AFD}"
EndProject
Project("{FAE04EC0-301F-11D3-BF4B-00C04F79EFBC}") = "Info", "Info\Info.csproj", "{90EA4EEE-835F-4F24-BE6A-20DA844AF73A}"
EndProject
Global
	GlobalSection(SolutionConfigurationPlatforms) = preSolution
		Debug|Any CPU = Debug|Any CPU
		Release|Any CPU = Release|Any CPU
	EndGlobalSection
	GlobalSection(ProjectConfigurationPlatforms) = postSolution
		{1D45BBD6-AA8B-4A5E-8A7B-5904AA275AFD}.Debug|Any CPU.ActiveCfg = Debug|Any CPU
		{1D45BBD6-AA8B-4A5E-8A7B-5904AA275AFD}.Debug|Any CPU.Build.0 = Debug|Any CPU
		{1D45BBD6-AA8B-4A5E-8A7B-5904AA275AFD}.Release|Any CPU.ActiveCfg = Release|Any CPU
		{1D45BBD6-AA8B-4A5E-8A7B-5904AA275AFD}.Release|Any CPU.Build.0 = Release|Any CPU
		{90EA4EEE-835F-4F24-BE6A-20DA844AF73A}.Debug|Any CPU.ActiveCfg = Debug|Any CPU
		{90EA4EEE-835F-4F24-BE6A-20DA844AF73A}.Debug|Any CPU.Build.0 = Debug|Any CPU
		{90EA4EEE-835F-4F24-BE6A-20DA844AF73A}.Release|Any CPU.ActiveCfg = Release|Any CPU
		{90EA4EEE-835F-4F24-BE6A-20DA844AF73A}.Release|Any CPU.Build.0 = Release|Any CPU
	EndGlobalSection
	GlobalSection(SolutionProperties) = preSolution
		HideSolutionNode = FALSE
	EndGlobalSection
EndGlobal
